// !$*UTF8*$!
{
	archiveVersion = 1;
	classes = {
	};
	objectVersion = 46;
	objects = {

/* Begin PBXBuildFile section */
		200144EF220B2BDE535F68C5 /* libPods.a in Frameworks */ = {isa = PBXBuildFile; fileRef = 37F32BD79273982B4A5ECFE0 /* libPods.a */; };
		48628A9B1B31BC0800C80AB1 /* main.m in Sources */ = {isa = PBXBuildFile; fileRef = 48628A9A1B31BC0800C80AB1 /* main.m */; };
		48628AA41B31BC0800C80AB1 /* Main.storyboard in Resources */ = {isa = PBXBuildFile; fileRef = 48628AA21B31BC0800C80AB1 /* Main.storyboard */; };
		48628AA61B31BC0800C80AB1 /* Images.xcassets in Resources */ = {isa = PBXBuildFile; fileRef = 48628AA51B31BC0800C80AB1 /* Images.xcassets */; };
		48628AB51B31BC0800C80AB1 /* PushStarterTests.m in Sources */ = {isa = PBXBuildFile; fileRef = 48628AB41B31BC0800C80AB1 /* PushStarterTests.m */; };
		48628AC41B31BE7D00C80AB1 /* AGAppDelegate.m in Sources */ = {isa = PBXBuildFile; fileRef = 48628ABF1B31BE7D00C80AB1 /* AGAppDelegate.m */; };
		48628AC51B31BE7D00C80AB1 /* AGNotificationCell.m in Sources */ = {isa = PBXBuildFile; fileRef = 48628AC11B31BE7D00C80AB1 /* AGNotificationCell.m */; };
		48628AC61B31BE7D00C80AB1 /* AGViewController.m in Sources */ = {isa = PBXBuildFile; fileRef = 48628AC31B31BE7D00C80AB1 /* AGViewController.m */; };
		48628ACA1B31C44400C80AB1 /* fhconfig.plist in Resources */ = {isa = PBXBuildFile; fileRef = 48628AC91B31C44400C80AB1 /* fhconfig.plist */; };
/* End PBXBuildFile section */

/* Begin PBXContainerItemProxy section */
		48628AAF1B31BC0800C80AB1 /* PBXContainerItemProxy */ = {
			isa = PBXContainerItemProxy;
			containerPortal = 48628A8D1B31BC0700C80AB1 /* Project object */;
			proxyType = 1;
			remoteGlobalIDString = 48628A941B31BC0700C80AB1;
			remoteInfo = PushStarter;
		};
/* End PBXContainerItemProxy section */

/* Begin PBXFileReference section */
		37F32BD79273982B4A5ECFE0 /* libPods.a */ = {isa = PBXFileReference; explicitFileType = archive.ar; includeInIndex = 0; path = libPods.a; sourceTree = BUILT_PRODUCTS_DIR; };
		48628A951B31BC0700C80AB1 /* PushStarter.app */ = {isa = PBXFileReference; explicitFileType = wrapper.application; includeInIndex = 0; path = PushStarter.app; sourceTree = BUILT_PRODUCTS_DIR; };
		48628A991B31BC0800C80AB1 /* Info.plist */ = {isa = PBXFileReference; lastKnownFileType = text.plist.xml; path = Info.plist; sourceTree = "<group>"; };
		48628A9A1B31BC0800C80AB1 /* main.m */ = {isa = PBXFileReference; lastKnownFileType = sourcecode.c.objc; path = main.m; sourceTree = "<group>"; };
		48628AA31B31BC0800C80AB1 /* Base */ = {isa = PBXFileReference; lastKnownFileType = file.storyboard; name = Base; path = Base.lproj/Main.storyboard; sourceTree = "<group>"; };
		48628AA51B31BC0800C80AB1 /* Images.xcassets */ = {isa = PBXFileReference; lastKnownFileType = folder.assetcatalog; path = Images.xcassets; sourceTree = "<group>"; };
		48628AAE1B31BC0800C80AB1 /* PushStarterTests.xctest */ = {isa = PBXFileReference; explicitFileType = wrapper.cfbundle; includeInIndex = 0; path = PushStarterTests.xctest; sourceTree = BUILT_PRODUCTS_DIR; };
		48628AB31B31BC0800C80AB1 /* Info.plist */ = {isa = PBXFileReference; lastKnownFileType = text.plist.xml; path = Info.plist; sourceTree = "<group>"; };
		48628AB41B31BC0800C80AB1 /* PushStarterTests.m */ = {isa = PBXFileReference; lastKnownFileType = sourcecode.c.objc; path = PushStarterTests.m; sourceTree = "<group>"; };
		48628ABE1B31BE7D00C80AB1 /* AGAppDelegate.h */ = {isa = PBXFileReference; fileEncoding = 4; lastKnownFileType = sourcecode.c.h; path = AGAppDelegate.h; sourceTree = "<group>"; };
		48628ABF1B31BE7D00C80AB1 /* AGAppDelegate.m */ = {isa = PBXFileReference; fileEncoding = 4; lastKnownFileType = sourcecode.c.objc; path = AGAppDelegate.m; sourceTree = "<group>"; };
		48628AC01B31BE7D00C80AB1 /* AGNotificationCell.h */ = {isa = PBXFileReference; fileEncoding = 4; lastKnownFileType = sourcecode.c.h; path = AGNotificationCell.h; sourceTree = "<group>"; };
		48628AC11B31BE7D00C80AB1 /* AGNotificationCell.m */ = {isa = PBXFileReference; fileEncoding = 4; lastKnownFileType = sourcecode.c.objc; path = AGNotificationCell.m; sourceTree = "<group>"; };
		48628AC21B31BE7D00C80AB1 /* AGViewController.h */ = {isa = PBXFileReference; fileEncoding = 4; lastKnownFileType = sourcecode.c.h; path = AGViewController.h; sourceTree = "<group>"; };
		48628AC31B31BE7D00C80AB1 /* AGViewController.m */ = {isa = PBXFileReference; fileEncoding = 4; lastKnownFileType = sourcecode.c.objc; path = AGViewController.m; sourceTree = "<group>"; };
		48628AC91B31C44400C80AB1 /* fhconfig.plist */ = {isa = PBXFileReference; fileEncoding = 4; lastKnownFileType = text.plist.xml; path = fhconfig.plist; sourceTree = "<group>"; };
		9E159AC551F4FEB1CDCFC1A4 /* Pods.release.xcconfig */ = {isa = PBXFileReference; includeInIndex = 1; lastKnownFileType = text.xcconfig; name = Pods.release.xcconfig; path = "Pods/Target Support Files/Pods/Pods.release.xcconfig"; sourceTree = "<group>"; };
		E3CFB32D72AD5556CABD3547 /* Pods.debug.xcconfig */ = {isa = PBXFileReference; includeInIndex = 1; lastKnownFileType = text.xcconfig; name = Pods.debug.xcconfig; path = "Pods/Target Support Files/Pods/Pods.debug.xcconfig"; sourceTree = "<group>"; };
/* End PBXFileReference section */

/* Begin PBXFrameworksBuildPhase section */
		48628A921B31BC0700C80AB1 /* Frameworks */ = {
			isa = PBXFrameworksBuildPhase;
			buildActionMask = 2147483647;
			files = (
				200144EF220B2BDE535F68C5 /* libPods.a in Frameworks */,
			);
			runOnlyForDeploymentPostprocessing = 0;
		};
		48628AAB1B31BC0800C80AB1 /* Frameworks */ = {
			isa = PBXFrameworksBuildPhase;
			buildActionMask = 2147483647;
			files = (
			);
			runOnlyForDeploymentPostprocessing = 0;
		};
/* End PBXFrameworksBuildPhase section */

/* Begin PBXGroup section */
		202FA0DA8C5271C45D7ED481 /* Pods */ = {
			isa = PBXGroup;
			children = (
				E3CFB32D72AD5556CABD3547 /* Pods.debug.xcconfig */,
				9E159AC551F4FEB1CDCFC1A4 /* Pods.release.xcconfig */,
			);
			name = Pods;
			sourceTree = "<group>";
		};
		48628A8C1B31BC0700C80AB1 = {
			isa = PBXGroup;
			children = (
				48628A971B31BC0700C80AB1 /* PushStarter */,
				48628AB11B31BC0800C80AB1 /* PushStarterTests */,
				48628A961B31BC0700C80AB1 /* Products */,
				202FA0DA8C5271C45D7ED481 /* Pods */,
				95CA287D06FD724317C4082B /* Frameworks */,
			);
			sourceTree = "<group>";
		};
		48628A961B31BC0700C80AB1 /* Products */ = {
			isa = PBXGroup;
			children = (
				48628A951B31BC0700C80AB1 /* PushStarter.app */,
				48628AAE1B31BC0800C80AB1 /* PushStarterTests.xctest */,
			);
			name = Products;
			sourceTree = "<group>";
		};
		48628A971B31BC0700C80AB1 /* PushStarter */ = {
			isa = PBXGroup;
			children = (
				48628ABE1B31BE7D00C80AB1 /* AGAppDelegate.h */,
				48628ABF1B31BE7D00C80AB1 /* AGAppDelegate.m */,
				48628AC01B31BE7D00C80AB1 /* AGNotificationCell.h */,
				48628AC11B31BE7D00C80AB1 /* AGNotificationCell.m */,
				48628AC21B31BE7D00C80AB1 /* AGViewController.h */,
				48628AC31B31BE7D00C80AB1 /* AGViewController.m */,
				48628AA21B31BC0800C80AB1 /* Main.storyboard */,
				48628AA51B31BC0800C80AB1 /* Images.xcassets */,
				48628AC91B31C44400C80AB1 /* fhconfig.plist */,
				48628A981B31BC0700C80AB1 /* Supporting Files */,
			);
			path = PushStarter;
			sourceTree = "<group>";
		};
		48628A981B31BC0700C80AB1 /* Supporting Files */ = {
			isa = PBXGroup;
			children = (
				48628A991B31BC0800C80AB1 /* Info.plist */,
				48628A9A1B31BC0800C80AB1 /* main.m */,
			);
			name = "Supporting Files";
			sourceTree = "<group>";
		};
		48628AB11B31BC0800C80AB1 /* PushStarterTests */ = {
			isa = PBXGroup;
			children = (
				48628AB41B31BC0800C80AB1 /* PushStarterTests.m */,
				48628AB21B31BC0800C80AB1 /* Supporting Files */,
			);
			path = PushStarterTests;
			sourceTree = "<group>";
		};
		48628AB21B31BC0800C80AB1 /* Supporting Files */ = {
			isa = PBXGroup;
			children = (
				48628AB31B31BC0800C80AB1 /* Info.plist */,
			);
			name = "Supporting Files";
			sourceTree = "<group>";
		};
		95CA287D06FD724317C4082B /* Frameworks */ = {
			isa = PBXGroup;
			children = (
				37F32BD79273982B4A5ECFE0 /* libPods.a */,
			);
			name = Frameworks;
			sourceTree = "<group>";
		};
/* End PBXGroup section */

/* Begin PBXNativeTarget section */
		48628A941B31BC0700C80AB1 /* PushStarter */ = {
			isa = PBXNativeTarget;
			buildConfigurationList = 48628AB81B31BC0800C80AB1 /* Build configuration list for PBXNativeTarget "PushStarter" */;
			buildPhases = (
				27827E9597E2FB4AE18683B0 /* Check Pods Manifest.lock */,
				48628A911B31BC0700C80AB1 /* Sources */,
				48628A921B31BC0700C80AB1 /* Frameworks */,
				48628A931B31BC0700C80AB1 /* Resources */,
				0728D54A32D3EC4D7714DF8F /* Copy Pods Resources */,
			);
			buildRules = (
			);
			dependencies = (
			);
			name = PushStarter;
			productName = PushStarter;
			productReference = 48628A951B31BC0700C80AB1 /* PushStarter.app */;
			productType = "com.apple.product-type.application";
		};
		48628AAD1B31BC0800C80AB1 /* PushStarterTests */ = {
			isa = PBXNativeTarget;
			buildConfigurationList = 48628ABB1B31BC0800C80AB1 /* Build configuration list for PBXNativeTarget "PushStarterTests" */;
			buildPhases = (
				48628AAA1B31BC0800C80AB1 /* Sources */,
				48628AAB1B31BC0800C80AB1 /* Frameworks */,
				48628AAC1B31BC0800C80AB1 /* Resources */,
			);
			buildRules = (
			);
			dependencies = (
				48628AB01B31BC0800C80AB1 /* PBXTargetDependency */,
			);
			name = PushStarterTests;
			productName = PushStarterTests;
			productReference = 48628AAE1B31BC0800C80AB1 /* PushStarterTests.xctest */;
			productType = "com.apple.product-type.bundle.unit-test";
		};
/* End PBXNativeTarget section */

/* Begin PBXProject section */
		48628A8D1B31BC0700C80AB1 /* Project object */ = {
			isa = PBXProject;
			attributes = {
				LastUpgradeCheck = 0630;
				ORGANIZATIONNAME = FeedHenry;
				TargetAttributes = {
					48628A941B31BC0700C80AB1 = {
						CreatedOnToolsVersion = 6.3.2;
					};
					48628AAD1B31BC0800C80AB1 = {
						CreatedOnToolsVersion = 6.3.2;
						TestTargetID = 48628A941B31BC0700C80AB1;
					};
				};
			};
			buildConfigurationList = 48628A901B31BC0700C80AB1 /* Build configuration list for PBXProject "PushStarter" */;
			compatibilityVersion = "Xcode 3.2";
			developmentRegion = English;
			hasScannedForEncodings = 0;
			knownRegions = (
				en,
				Base,
			);
			mainGroup = 48628A8C1B31BC0700C80AB1;
			productRefGroup = 48628A961B31BC0700C80AB1 /* Products */;
			projectDirPath = "";
			projectRoot = "";
			targets = (
				48628A941B31BC0700C80AB1 /* PushStarter */,
				48628AAD1B31BC0800C80AB1 /* PushStarterTests */,
			);
		};
/* End PBXProject section */

/* Begin PBXResourcesBuildPhase section */
		48628A931B31BC0700C80AB1 /* Resources */ = {
			isa = PBXResourcesBuildPhase;
			buildActionMask = 2147483647;
			files = (
				48628AA41B31BC0800C80AB1 /* Main.storyboard in Resources */,
				48628AA61B31BC0800C80AB1 /* Images.xcassets in Resources */,
				48628ACA1B31C44400C80AB1 /* fhconfig.plist in Resources */,
			);
			runOnlyForDeploymentPostprocessing = 0;
		};
		48628AAC1B31BC0800C80AB1 /* Resources */ = {
			isa = PBXResourcesBuildPhase;
			buildActionMask = 2147483647;
			files = (
			);
			runOnlyForDeploymentPostprocessing = 0;
		};
/* End PBXResourcesBuildPhase section */

/* Begin PBXShellScriptBuildPhase section */
		0728D54A32D3EC4D7714DF8F /* Copy Pods Resources */ = {
			isa = PBXShellScriptBuildPhase;
			buildActionMask = 2147483647;
			files = (
			);
			inputPaths = (
			);
			name = "Copy Pods Resources";
			outputPaths = (
			);
			runOnlyForDeploymentPostprocessing = 0;
			shellPath = /bin/sh;
			shellScript = "\"${SRCROOT}/Pods/Target Support Files/Pods/Pods-resources.sh\"\n";
			showEnvVarsInLog = 0;
		};
		27827E9597E2FB4AE18683B0 /* Check Pods Manifest.lock */ = {
			isa = PBXShellScriptBuildPhase;
			buildActionMask = 2147483647;
			files = (
			);
			inputPaths = (
			);
			name = "Check Pods Manifest.lock";
			outputPaths = (
			);
			runOnlyForDeploymentPostprocessing = 0;
			shellPath = /bin/sh;
			shellScript = "diff \"${PODS_ROOT}/../Podfile.lock\" \"${PODS_ROOT}/Manifest.lock\" > /dev/null\nif [[ $? != 0 ]] ; then\n    cat << EOM\nerror: The sandbox is not in sync with the Podfile.lock. Run 'pod install' or update your CocoaPods installation.\nEOM\n    exit 1\nfi\n";
			showEnvVarsInLog = 0;
		};
/* End PBXShellScriptBuildPhase section */

/* Begin PBXSourcesBuildPhase section */
		48628A911B31BC0700C80AB1 /* Sources */ = {
			isa = PBXSourcesBuildPhase;
			buildActionMask = 2147483647;
			files = (
				48628AC61B31BE7D00C80AB1 /* AGViewController.m in Sources */,
				48628AC51B31BE7D00C80AB1 /* AGNotificationCell.m in Sources */,
				48628AC41B31BE7D00C80AB1 /* AGAppDelegate.m in Sources */,
				48628A9B1B31BC0800C80AB1 /* main.m in Sources */,
			);
			runOnlyForDeploymentPostprocessing = 0;
		};
		48628AAA1B31BC0800C80AB1 /* Sources */ = {
			isa = PBXSourcesBuildPhase;
			buildActionMask = 2147483647;
			files = (
				48628AB51B31BC0800C80AB1 /* PushStarterTests.m in Sources */,
			);
			runOnlyForDeploymentPostprocessing = 0;
		};
/* End PBXSourcesBuildPhase section */

/* Begin PBXTargetDependency section */
		48628AB01B31BC0800C80AB1 /* PBXTargetDependency */ = {
			isa = PBXTargetDependency;
			target = 48628A941B31BC0700C80AB1 /* PushStarter */;
			targetProxy = 48628AAF1B31BC0800C80AB1 /* PBXContainerItemProxy */;
		};
/* End PBXTargetDependency section */

/* Begin PBXVariantGroup section */
		48628AA21B31BC0800C80AB1 /* Main.storyboard */ = {
			isa = PBXVariantGroup;
			children = (
				48628AA31B31BC0800C80AB1 /* Base */,
			);
			name = Main.storyboard;
			sourceTree = "<group>";
		};
/* End PBXVariantGroup section */

/* Begin XCBuildConfiguration section */
		48628AB61B31BC0800C80AB1 /* Debug */ = {
			isa = XCBuildConfiguration;
			buildSettings = {
				ALWAYS_SEARCH_USER_PATHS = NO;
				CLANG_CXX_LANGUAGE_STANDARD = "gnu++0x";
				CLANG_CXX_LIBRARY = "libc++";
				CLANG_ENABLE_MODULES = YES;
				CLANG_ENABLE_OBJC_ARC = YES;
				CLANG_WARN_BOOL_CONVERSION = YES;
				CLANG_WARN_CONSTANT_CONVERSION = YES;
				CLANG_WARN_DIRECT_OBJC_ISA_USAGE = YES_ERROR;
				CLANG_WARN_EMPTY_BODY = YES;
				CLANG_WARN_ENUM_CONVERSION = YES;
				CLANG_WARN_INT_CONVERSION = YES;
				CLANG_WARN_OBJC_ROOT_CLASS = YES_ERROR;
				CLANG_WARN_UNREACHABLE_CODE = YES;
				CLANG_WARN__DUPLICATE_METHOD_MATCH = YES;
				"CODE_SIGN_IDENTITY[sdk=iphoneos*]" = "iPhone Developer";
				COPY_PHASE_STRIP = NO;
				DEBUG_INFORMATION_FORMAT = "dwarf-with-dsym";
				ENABLE_STRICT_OBJC_MSGSEND = YES;
				GCC_C_LANGUAGE_STANDARD = gnu99;
				GCC_DYNAMIC_NO_PIC = NO;
				GCC_NO_COMMON_BLOCKS = YES;
				GCC_OPTIMIZATION_LEVEL = 0;
				GCC_PREPROCESSOR_DEFINITIONS = (
					"DEBUG=1",
					"$(inherited)",
				);
				GCC_SYMBOLS_PRIVATE_EXTERN = NO;
				GCC_WARN_64_TO_32_BIT_CONVERSION = YES;
				GCC_WARN_ABOUT_RETURN_TYPE = YES_ERROR;
				GCC_WARN_UNDECLARED_SELECTOR = YES;
				GCC_WARN_UNINITIALIZED_AUTOS = YES_AGGRESSIVE;
				GCC_WARN_UNUSED_FUNCTION = YES;
				GCC_WARN_UNUSED_VARIABLE = YES;
				IPHONEOS_DEPLOYMENT_TARGET = 7.0;
				MTL_ENABLE_DEBUG_INFO = YES;
				ONLY_ACTIVE_ARCH = YES;
				SDKROOT = iphoneos;
				TARGETED_DEVICE_FAMILY = "1,2";
			};
			name = Debug;
		};
		48628AB71B31BC0800C80AB1 /* Release */ = {
			isa = XCBuildConfiguration;
			buildSettings = {
				ALWAYS_SEARCH_USER_PATHS = NO;
				CLANG_CXX_LANGUAGE_STANDARD = "gnu++0x";
				CLANG_CXX_LIBRARY = "libc++";
				CLANG_ENABLE_MODULES = YES;
				CLANG_ENABLE_OBJC_ARC = YES;
				CLANG_WARN_BOOL_CONVERSION = YES;
				CLANG_WARN_CONSTANT_CONVERSION = YES;
				CLANG_WARN_DIRECT_OBJC_ISA_USAGE = YES_ERROR;
				CLANG_WARN_EMPTY_BODY = YES;
				CLANG_WARN_ENUM_CONVERSION = YES;
				CLANG_WARN_INT_CONVERSION = YES;
				CLANG_WARN_OBJC_ROOT_CLASS = YES_ERROR;
				CLANG_WARN_UNREACHABLE_CODE = YES;
				CLANG_WARN__DUPLICATE_METHOD_MATCH = YES;
				"CODE_SIGN_IDENTITY[sdk=iphoneos*]" = "iPhone Developer";
				COPY_PHASE_STRIP = NO;
				DEBUG_INFORMATION_FORMAT = "dwarf-with-dsym";
				ENABLE_NS_ASSERTIONS = NO;
				ENABLE_STRICT_OBJC_MSGSEND = YES;
				GCC_C_LANGUAGE_STANDARD = gnu99;
				GCC_NO_COMMON_BLOCKS = YES;
				GCC_WARN_64_TO_32_BIT_CONVERSION = YES;
				GCC_WARN_ABOUT_RETURN_TYPE = YES_ERROR;
				GCC_WARN_UNDECLARED_SELECTOR = YES;
				GCC_WARN_UNINITIALIZED_AUTOS = YES_AGGRESSIVE;
				GCC_WARN_UNUSED_FUNCTION = YES;
				GCC_WARN_UNUSED_VARIABLE = YES;
				IPHONEOS_DEPLOYMENT_TARGET = 7.0;
				MTL_ENABLE_DEBUG_INFO = NO;
				SDKROOT = iphoneos;
				TARGETED_DEVICE_FAMILY = "1,2";
				VALIDATE_PRODUCT = YES;
			};
			name = Release;
		};
		48628AB91B31BC0800C80AB1 /* Debug */ = {
			isa = XCBuildConfiguration;
			baseConfigurationReference = E3CFB32D72AD5556CABD3547 /* Pods.debug.xcconfig */;
			buildSettings = {
				ASSETCATALOG_COMPILER_APPICON_NAME = AppIcon;
				FRAMEWORK_SEARCH_PATHS = (
					"$(inherited)",
					"$(PROJECT_DIR)",
				);
				INFOPLIST_FILE = PushStarter/Info.plist;
				IPHONEOS_DEPLOYMENT_TARGET = 7.0;
				LD_RUNPATH_SEARCH_PATHS = "$(inherited) @executable_path/Frameworks";
				PRODUCT_NAME = "$(TARGET_NAME)";
			};
			name = Debug;
		};
		48628ABA1B31BC0800C80AB1 /* Release */ = {
			isa = XCBuildConfiguration;
			baseConfigurationReference = 9E159AC551F4FEB1CDCFC1A4 /* Pods.release.xcconfig */;
			buildSettings = {
				ASSETCATALOG_COMPILER_APPICON_NAME = AppIcon;
				FRAMEWORK_SEARCH_PATHS = (
					"$(inherited)",
					"$(PROJECT_DIR)",
				);
				INFOPLIST_FILE = PushStarter/Info.plist;
				IPHONEOS_DEPLOYMENT_TARGET = 7.0;
				LD_RUNPATH_SEARCH_PATHS = "$(inherited) @executable_path/Frameworks";
				PRODUCT_NAME = "$(TARGET_NAME)";
			};
			name = Release;
		};
		48628ABC1B31BC0800C80AB1 /* Debug */ = {
			isa = XCBuildConfiguration;
			buildSettings = {
				BUNDLE_LOADER = "$(TEST_HOST)";
				FRAMEWORK_SEARCH_PATHS = (
					"$(SDKROOT)/Developer/Library/Frameworks",
					"$(inherited)",
				);
				GCC_PREPROCESSOR_DEFINITIONS = (
					"DEBUG=1",
					"$(inherited)",
				);
				INFOPLIST_FILE = PushStarterTests/Info.plist;
				LD_RUNPATH_SEARCH_PATHS = "$(inherited) @executable_path/Frameworks @loader_path/Frameworks";
				PRODUCT_NAME = "$(TARGET_NAME)";
				TEST_HOST = "$(BUILT_PRODUCTS_DIR)/PushStarter.app/PushStarter";
			};
			name = Debug;
		};
		48628ABD1B31BC0800C80AB1 /* Release */ = {
			isa = XCBuildConfiguration;
			buildSettings = {
				BUNDLE_LOADER = "$(TEST_HOST)";
				FRAMEWORK_SEARCH_PATHS = (
					"$(SDKROOT)/Developer/Library/Frameworks",
					"$(inherited)",
				);
				INFOPLIST_FILE = PushStarterTests/Info.plist;
				LD_RUNPATH_SEARCH_PATHS = "$(inherited) @executable_path/Frameworks @loader_path/Frameworks";
				PRODUCT_NAME = "$(TARGET_NAME)";
				TEST_HOST = "$(BUILT_PRODUCTS_DIR)/PushStarter.app/PushStarter";
			};
			name = Release;
		};
/* End XCBuildConfiguration section */

/* Begin XCConfigurationList section */
		48628A901B31BC0700C80AB1 /* Build configuration list for PBXProject "PushStarter" */ = {
			isa = XCConfigurationList;
			buildConfigurations = (
				48628AB61B31BC0800C80AB1 /* Debug */,
				48628AB71B31BC0800C80AB1 /* Release */,
			);
			defaultConfigurationIsVisible = 0;
			defaultConfigurationName = Release;
		};
		48628AB81B31BC0800C80AB1 /* Build configuration list for PBXNativeTarget "PushStarter" */ = {
			isa = XCConfigurationList;
			buildConfigurations = (
				48628AB91B31BC0800C80AB1 /* Debug */,
				48628ABA1B31BC0800C80AB1 /* Release */,
			);
			defaultConfigurationIsVisible = 0;
			defaultConfigurationName = Release;
		};
		48628ABB1B31BC0800C80AB1 /* Build configuration list for PBXNativeTarget "PushStarterTests" */ = {
			isa = XCConfigurationList;
			buildConfigurations = (
				48628ABC1B31BC0800C80AB1 /* Debug */,
				48628ABD1B31BC0800C80AB1 /* Release */,
			);
			defaultConfigurationIsVisible = 0;
			defaultConfigurationName = Release;
		};
/* End XCConfigurationList section */
	};
	rootObject = 48628A8D1B31BC0700C80AB1 /* Project object */;
}
